// !$*UTF8*$!
{
	archiveVersion = 1;
	classes = {
	};
	objectVersion = 77;
	objects = {

/* Begin PBXContainerItemProxy section */
		D3F9215B2CE8D84D00ED6B98 /* PBXContainerItemProxy */ = {
			isa = PBXContainerItemProxy;
			containerPortal = D3F921412CE8D84B00ED6B98 /* Project object */;
			proxyType = 1;
			remoteGlobalIDString = D3F921482CE8D84B00ED6B98;
			remoteInfo = GeoHashDebugView;
		};
		D3F921652CE8D84D00ED6B98 /* PBXContainerItemProxy */ = {
			isa = PBXContainerItemProxy;
			containerPortal = D3F921412CE8D84B00ED6B98 /* Project object */;
			proxyType = 1;
			remoteGlobalIDString = D3F921482CE8D84B00ED6B98;
			remoteInfo = GeoHashDebugView;
		};
/* End PBXContainerItemProxy section */

/* Begin PBXFileReference section */
		D3F921492CE8D84C00ED6B98 /* GeoHashDebugView.app */ = {isa = PBXFileReference; explicitFileType = wrapper.application; includeInIndex = 0; path = GeoHashDebugView.app; sourceTree = BUILT_PRODUCTS_DIR; };
		D3F9215A2CE8D84D00ED6B98 /* GeoHashDebugViewTests.xctest */ = {isa = PBXFileReference; explicitFileType = wrapper.cfbundle; includeInIndex = 0; path = GeoHashDebugViewTests.xctest; sourceTree = BUILT_PRODUCTS_DIR; };
		D3F921642CE8D84D00ED6B98 /* GeoHashDebugViewUITests.xctest */ = {isa = PBXFileReference; explicitFileType = wrapper.cfbundle; includeInIndex = 0; path = GeoHashDebugViewUITests.xctest; sourceTree = BUILT_PRODUCTS_DIR; };
/* End PBXFileReference section */

/* Begin PBXFileSystemSynchronizedRootGroup section */
		D3F9214B2CE8D84C00ED6B98 /* GeoHashDebugView */ = {
			isa = PBXFileSystemSynchronizedRootGroup;
			path = GeoHashDebugView;
			sourceTree = "<group>";
		};
		D3F9215D2CE8D84D00ED6B98 /* GeoHashDebugViewTests */ = {
			isa = PBXFileSystemSynchronizedRootGroup;
			path = GeoHashDebugViewTests;
			sourceTree = "<group>";
		};
		D3F921672CE8D84D00ED6B98 /* GeoHashDebugViewUITests */ = {
			isa = PBXFileSystemSynchronizedRootGroup;
			path = GeoHashDebugViewUITests;
			sourceTree = "<group>";
		};
/* End PBXFileSystemSynchronizedRootGroup section */

/* Begin PBXFrameworksBuildPhase section */
		D3F921462CE8D84B00ED6B98 /* Frameworks */ = {
			isa = PBXFrameworksBuildPhase;
			buildActionMask = 2147483647;
			files = (
			);
			runOnlyForDeploymentPostprocessing = 0;
		};
		D3F921572CE8D84D00ED6B98 /* Frameworks */ = {
			isa = PBXFrameworksBuildPhase;
			buildActionMask = 2147483647;
			files = (
			);
			runOnlyForDeploymentPostprocessing = 0;
		};
		D3F921612CE8D84D00ED6B98 /* Frameworks */ = {
			isa = PBXFrameworksBuildPhase;
			buildActionMask = 2147483647;
			files = (
			);
			runOnlyForDeploymentPostprocessing = 0;
		};
/* End PBXFrameworksBuildPhase section */

/* Begin PBXGroup section */
		D3F921402CE8D84B00ED6B98 = {
			isa = PBXGroup;
			children = (
				D3F9214B2CE8D84C00ED6B98 /* GeoHashDebugView */,
				D3F9215D2CE8D84D00ED6B98 /* GeoHashDebugViewTests */,
				D3F921672CE8D84D00ED6B98 /* GeoHashDebugViewUITests */,
				D3F9214A2CE8D84C00ED6B98 /* Products */,
			);
			sourceTree = "<group>";
		};
		D3F9214A2CE8D84C00ED6B98 /* Products */ = {
			isa = PBXGroup;
			children = (
				D3F921492CE8D84C00ED6B98 /* GeoHashDebugView.app */,
				D3F9215A2CE8D84D00ED6B98 /* GeoHashDebugViewTests.xctest */,
				D3F921642CE8D84D00ED6B98 /* GeoHashDebugViewUITests.xctest */,
			);
			name = Products;
			sourceTree = "<group>";
		};
/* End PBXGroup section */

/* Begin PBXNativeTarget section */
		D3F921482CE8D84B00ED6B98 /* GeoHashDebugView */ = {
			isa = PBXNativeTarget;
			buildConfigurationList = D3F9216E2CE8D84D00ED6B98 /* Build configuration list for PBXNativeTarget "GeoHashDebugView" */;
			buildPhases = (
				D3F921452CE8D84B00ED6B98 /* Sources */,
				D3F921462CE8D84B00ED6B98 /* Frameworks */,
				D3F921472CE8D84B00ED6B98 /* Resources */,
			);
			buildRules = (
			);
			dependencies = (
			);
			fileSystemSynchronizedGroups = (
				D3F9214B2CE8D84C00ED6B98 /* GeoHashDebugView */,
			);
			name = GeoHashDebugView;
			packageProductDependencies = (
			);
			productName = GeoHashDebugView;
			productReference = D3F921492CE8D84C00ED6B98 /* GeoHashDebugView.app */;
			productType = "com.apple.product-type.application";
		};
		D3F921592CE8D84D00ED6B98 /* GeoHashDebugViewTests */ = {
			isa = PBXNativeTarget;
			buildConfigurationList = D3F921712CE8D84D00ED6B98 /* Build configuration list for PBXNativeTarget "GeoHashDebugViewTests" */;
			buildPhases = (
				D3F921562CE8D84D00ED6B98 /* Sources */,
				D3F921572CE8D84D00ED6B98 /* Frameworks */,
				D3F921582CE8D84D00ED6B98 /* Resources */,
			);
			buildRules = (
			);
			dependencies = (
				D3F9215C2CE8D84D00ED6B98 /* PBXTargetDependency */,
			);
			fileSystemSynchronizedGroups = (
				D3F9215D2CE8D84D00ED6B98 /* GeoHashDebugViewTests */,
			);
			name = GeoHashDebugViewTests;
			packageProductDependencies = (
			);
			productName = GeoHashDebugViewTests;
			productReference = D3F9215A2CE8D84D00ED6B98 /* GeoHashDebugViewTests.xctest */;
			productType = "com.apple.product-type.bundle.unit-test";
		};
		D3F921632CE8D84D00ED6B98 /* GeoHashDebugViewUITests */ = {
			isa = PBXNativeTarget;
			buildConfigurationList = D3F921742CE8D84D00ED6B98 /* Build configuration list for PBXNativeTarget "GeoHashDebugViewUITests" */;
			buildPhases = (
				D3F921602CE8D84D00ED6B98 /* Sources */,
				D3F921612CE8D84D00ED6B98 /* Frameworks */,
				D3F921622CE8D84D00ED6B98 /* Resources */,
			);
			buildRules = (
			);
			dependencies = (
				D3F921662CE8D84D00ED6B98 /* PBXTargetDependency */,
			);
			fileSystemSynchronizedGroups = (
				D3F921672CE8D84D00ED6B98 /* GeoHashDebugViewUITests */,
			);
			name = GeoHashDebugViewUITests;
			packageProductDependencies = (
			);
			productName = GeoHashDebugViewUITests;
			productReference = D3F921642CE8D84D00ED6B98 /* GeoHashDebugViewUITests.xctest */;
			productType = "com.apple.product-type.bundle.ui-testing";
		};
/* End PBXNativeTarget section */

/* Begin PBXProject section */
		D3F921412CE8D84B00ED6B98 /* Project object */ = {
			isa = PBXProject;
			attributes = {
				BuildIndependentTargetsInParallel = 1;
				LastSwiftUpdateCheck = 1610;
				LastUpgradeCheck = 1610;
				TargetAttributes = {
					D3F921482CE8D84B00ED6B98 = {
						CreatedOnToolsVersion = 16.1;
					};
					D3F921592CE8D84D00ED6B98 = {
						CreatedOnToolsVersion = 16.1;
						TestTargetID = D3F921482CE8D84B00ED6B98;
					};
					D3F921632CE8D84D00ED6B98 = {
						CreatedOnToolsVersion = 16.1;
						TestTargetID = D3F921482CE8D84B00ED6B98;
					};
				};
			};
			buildConfigurationList = D3F921442CE8D84B00ED6B98 /* Build configuration list for PBXProject "GeoHashDebugView" */;
			developmentRegion = en;
			hasScannedForEncodings = 0;
			knownRegions = (
				en,
				Base,
			);
			mainGroup = D3F921402CE8D84B00ED6B98;
			minimizedProjectReferenceProxies = 1;
			preferredProjectObjectVersion = 77;
			productRefGroup = D3F9214A2CE8D84C00ED6B98 /* Products */;
			projectDirPath = "";
			projectRoot = "";
			targets = (
				D3F921482CE8D84B00ED6B98 /* GeoHashDebugView */,
				D3F921592CE8D84D00ED6B98 /* GeoHashDebugViewTests */,
				D3F921632CE8D84D00ED6B98 /* GeoHashDebugViewUITests */,
			);
		};
/* End PBXProject section */

/* Begin PBXResourcesBuildPhase section */
		D3F921472CE8D84B00ED6B98 /* Resources */ = {
			isa = PBXResourcesBuildPhase;
			buildActionMask = 2147483647;
			files = (
			);
			runOnlyForDeploymentPostprocessing = 0;
		};
		D3F921582CE8D84D00ED6B98 /* Resources */ = {
			isa = PBXResourcesBuildPhase;
			buildActionMask = 2147483647;
			files = (
			);
			runOnlyForDeploymentPostprocessing = 0;
		};
		D3F921622CE8D84D00ED6B98 /* Resources */ = {
			isa = PBXResourcesBuildPhase;
			buildActionMask = 2147483647;
			files = (
			);
			runOnlyForDeploymentPostprocessing = 0;
		};
/* End PBXResourcesBuildPhase section */

/* Begin PBXSourcesBuildPhase section */
		D3F921452CE8D84B00ED6B98 /* Sources */ = {
			isa = PBXSourcesBuildPhase;
			buildActionMask = 2147483647;
			files = (
			);
			runOnlyForDeploymentPostprocessing = 0;
		};
		D3F921562CE8D84D00ED6B98 /* Sources */ = {
			isa = PBXSourcesBuildPhase;
			buildActionMask = 2147483647;
			files = (
			);
			runOnlyForDeploymentPostprocessing = 0;
		};
		D3F921602CE8D84D00ED6B98 /* Sources */ = {
			isa = PBXSourcesBuildPhase;
			buildActionMask = 2147483647;
			files = (
			);
			runOnlyForDeploymentPostprocessing = 0;
		};
/* End PBXSourcesBuildPhase section */

/* Begin PBXTargetDependency section */
		D3F9215C2CE8D84D00ED6B98 /* PBXTargetDependency */ = {
			isa = PBXTargetDependency;
			target = D3F921482CE8D84B00ED6B98 /* GeoHashDebugView */;
			targetProxy = D3F9215B2CE8D84D00ED6B98 /* PBXContainerItemProxy */;
		};
		D3F921662CE8D84D00ED6B98 /* PBXTargetDependency */ = {
			isa = PBXTargetDependency;
			target = D3F921482CE8D84B00ED6B98 /* GeoHashDebugView */;
			targetProxy = D3F921652CE8D84D00ED6B98 /* PBXContainerItemProxy */;
		};
/* End PBXTargetDependency section */

/* Begin XCBuildConfiguration section */
		D3F9216C2CE8D84D00ED6B98 /* Debug */ = {
			isa = XCBuildConfiguration;
			buildSettings = {
				ALWAYS_SEARCH_USER_PATHS = NO;
				ASSETCATALOG_COMPILER_GENERATE_SWIFT_ASSET_SYMBOL_EXTENSIONS = YES;
				CLANG_ANALYZER_NONNULL = YES;
				CLANG_ANALYZER_NUMBER_OBJECT_CONVERSION = YES_AGGRESSIVE;
				CLANG_CXX_LANGUAGE_STANDARD = "gnu++20";
				CLANG_ENABLE_MODULES = YES;
				CLANG_ENABLE_OBJC_ARC = YES;
				CLANG_ENABLE_OBJC_WEAK = YES;
				CLANG_WARN_BLOCK_CAPTURE_AUTORELEASING = YES;
				CLANG_WARN_BOOL_CONVERSION = YES;
				CLANG_WARN_COMMA = YES;
				CLANG_WARN_CONSTANT_CONVERSION = YES;
				CLANG_WARN_DEPRECATED_OBJC_IMPLEMENTATIONS = YES;
				CLANG_WARN_DIRECT_OBJC_ISA_USAGE = YES_ERROR;
				CLANG_WARN_DOCUMENTATION_COMMENTS = YES;
				CLANG_WARN_EMPTY_BODY = YES;
				CLANG_WARN_ENUM_CONVERSION = YES;
				CLANG_WARN_INFINITE_RECURSION = YES;
				CLANG_WARN_INT_CONVERSION = YES;
				CLANG_WARN_NON_LITERAL_NULL_CONVERSION = YES;
				CLANG_WARN_OBJC_IMPLICIT_RETAIN_SELF = YES;
				CLANG_WARN_OBJC_LITERAL_CONVERSION = YES;
				CLANG_WARN_OBJC_ROOT_CLASS = YES_ERROR;
				CLANG_WARN_QUOTED_INCLUDE_IN_FRAMEWORK_HEADER = YES;
				CLANG_WARN_RANGE_LOOP_ANALYSIS = YES;
				CLANG_WARN_STRICT_PROTOTYPES = YES;
				CLANG_WARN_SUSPICIOUS_MOVE = YES;
				CLANG_WARN_UNGUARDED_AVAILABILITY = YES_AGGRESSIVE;
				CLANG_WARN_UNREACHABLE_CODE = YES;
				CLANG_WARN__DUPLICATE_METHOD_MATCH = YES;
				COPY_PHASE_STRIP = NO;
				DEBUG_INFORMATION_FORMAT = dwarf;
				ENABLE_STRICT_OBJC_MSGSEND = YES;
				ENABLE_TESTABILITY = YES;
				ENABLE_USER_SCRIPT_SANDBOXING = YES;
				GCC_C_LANGUAGE_STANDARD = gnu17;
				GCC_DYNAMIC_NO_PIC = NO;
				GCC_NO_COMMON_BLOCKS = YES;
				GCC_OPTIMIZATION_LEVEL = 0;
				GCC_PREPROCESSOR_DEFINITIONS = (
					"DEBUG=1",
					"$(inherited)",
				);
				GCC_WARN_64_TO_32_BIT_CONVERSION = YES;
				GCC_WARN_ABOUT_RETURN_TYPE = YES_ERROR;
				GCC_WARN_UNDECLARED_SELECTOR = YES;
				GCC_WARN_UNINITIALIZED_AUTOS = YES_AGGRESSIVE;
				GCC_WARN_UNUSED_FUNCTION = YES;
				GCC_WARN_UNUSED_VARIABLE = YES;
				LOCALIZATION_PREFERS_STRING_CATALOGS = YES;
				MTL_ENABLE_DEBUG_INFO = INCLUDE_SOURCE;
				MTL_FAST_MATH = YES;
				ONLY_ACTIVE_ARCH = YES;
				SWIFT_ACTIVE_COMPILATION_CONDITIONS = "DEBUG $(inherited)";
				SWIFT_OPTIMIZATION_LEVEL = "-Onone";
			};
			name = Debug;
		};
		D3F9216D2CE8D84D00ED6B98 /* Release */ = {
			isa = XCBuildConfiguration;
			buildSettings = {
				ALWAYS_SEARCH_USER_PATHS = NO;
				ASSETCATALOG_COMPILER_GENERATE_SWIFT_ASSET_SYMBOL_EXTENSIONS = YES;
				CLANG_ANALYZER_NONNULL = YES;
				CLANG_ANALYZER_NUMBER_OBJECT_CONVERSION = YES_AGGRESSIVE;
				CLANG_CXX_LANGUAGE_STANDARD = "gnu++20";
				CLANG_ENABLE_MODULES = YES;
				CLANG_ENABLE_OBJC_ARC = YES;
				CLANG_ENABLE_OBJC_WEAK = YES;
				CLANG_WARN_BLOCK_CAPTURE_AUTORELEASING = YES;
				CLANG_WARN_BOOL_CONVERSION = YES;
				CLANG_WARN_COMMA = YES;
				CLANG_WARN_CONSTANT_CONVERSION = YES;
				CLANG_WARN_DEPRECATED_OBJC_IMPLEMENTATIONS = YES;
				CLANG_WARN_DIRECT_OBJC_ISA_USAGE = YES_ERROR;
				CLANG_WARN_DOCUMENTATION_COMMENTS = YES;
				CLANG_WARN_EMPTY_BODY = YES;
				CLANG_WARN_ENUM_CONVERSION = YES;
				CLANG_WARN_INFINITE_RECURSION = YES;
				CLANG_WARN_INT_CONVERSION = YES;
				CLANG_WARN_NON_LITERAL_NULL_CONVERSION = YES;
				CLANG_WARN_OBJC_IMPLICIT_RETAIN_SELF = YES;
				CLANG_WARN_OBJC_LITERAL_CONVERSION = YES;
				CLANG_WARN_OBJC_ROOT_CLASS = YES_ERROR;
				CLANG_WARN_QUOTED_INCLUDE_IN_FRAMEWORK_HEADER = YES;
				CLANG_WARN_RANGE_LOOP_ANALYSIS = YES;
				CLANG_WARN_STRICT_PROTOTYPES = YES;
				CLANG_WARN_SUSPICIOUS_MOVE = YES;
				CLANG_WARN_UNGUARDED_AVAILABILITY = YES_AGGRESSIVE;
				CLANG_WARN_UNREACHABLE_CODE = YES;
				CLANG_WARN__DUPLICATE_METHOD_MATCH = YES;
				COPY_PHASE_STRIP = NO;
				DEBUG_INFORMATION_FORMAT = "dwarf-with-dsym";
				ENABLE_NS_ASSERTIONS = NO;
				ENABLE_STRICT_OBJC_MSGSEND = YES;
				ENABLE_USER_SCRIPT_SANDBOXING = YES;
				GCC_C_LANGUAGE_STANDARD = gnu17;
				GCC_NO_COMMON_BLOCKS = YES;
				GCC_WARN_64_TO_32_BIT_CONVERSION = YES;
				GCC_WARN_ABOUT_RETURN_TYPE = YES_ERROR;
				GCC_WARN_UNDECLARED_SELECTOR = YES;
				GCC_WARN_UNINITIALIZED_AUTOS = YES_AGGRESSIVE;
				GCC_WARN_UNUSED_FUNCTION = YES;
				GCC_WARN_UNUSED_VARIABLE = YES;
				LOCALIZATION_PREFERS_STRING_CATALOGS = YES;
				MTL_ENABLE_DEBUG_INFO = NO;
				MTL_FAST_MATH = YES;
				SWIFT_COMPILATION_MODE = wholemodule;
			};
			name = Release;
		};
		D3F9216F2CE8D84D00ED6B98 /* Debug */ = {
			isa = XCBuildConfiguration;
			buildSettings = {
				ASSETCATALOG_COMPILER_APPICON_NAME = AppIcon;
				ASSETCATALOG_COMPILER_GLOBAL_ACCENT_COLOR_NAME = AccentColor;
				CODE_SIGN_ENTITLEMENTS = GeoHashDebugView/GeoHashDebugView.entitlements;
				CODE_SIGN_STYLE = Automatic;
				CURRENT_PROJECT_VERSION = 1;
				DEVELOPMENT_ASSET_PATHS = "\"GeoHashDebugView/Preview Content\"";
				DEVELOPMENT_TEAM = S8WBNKMKYU;
				ENABLE_HARDENED_RUNTIME = YES;
				ENABLE_PREVIEWS = YES;
				GENERATE_INFOPLIST_FILE = YES;
				"INFOPLIST_KEY_UIApplicationSceneManifest_Generation[sdk=iphoneos*]" = YES;
				"INFOPLIST_KEY_UIApplicationSceneManifest_Generation[sdk=iphonesimulator*]" = YES;
				"INFOPLIST_KEY_UIApplicationSupportsIndirectInputEvents[sdk=iphoneos*]" = YES;
				"INFOPLIST_KEY_UIApplicationSupportsIndirectInputEvents[sdk=iphonesimulator*]" = YES;
				"INFOPLIST_KEY_UILaunchScreen_Generation[sdk=iphoneos*]" = YES;
				"INFOPLIST_KEY_UILaunchScreen_Generation[sdk=iphonesimulator*]" = YES;
				"INFOPLIST_KEY_UIStatusBarStyle[sdk=iphoneos*]" = UIStatusBarStyleDefault;
				"INFOPLIST_KEY_UIStatusBarStyle[sdk=iphonesimulator*]" = UIStatusBarStyleDefault;
				INFOPLIST_KEY_UISupportedInterfaceOrientations_iPad = "UIInterfaceOrientationPortrait UIInterfaceOrientationPortraitUpsideDown UIInterfaceOrientationLandscapeLeft UIInterfaceOrientationLandscapeRight";
				INFOPLIST_KEY_UISupportedInterfaceOrientations_iPhone = "UIInterfaceOrientationPortrait UIInterfaceOrientationLandscapeLeft UIInterfaceOrientationLandscapeRight";
				IPHONEOS_DEPLOYMENT_TARGET = 18.1;
				LD_RUNPATH_SEARCH_PATHS = "@executable_path/Frameworks";
				"LD_RUNPATH_SEARCH_PATHS[sdk=macosx*]" = "@executable_path/../Frameworks";
				MACOSX_DEPLOYMENT_TARGET = 15.0;
				MARKETING_VERSION = 1.0;
				PRODUCT_BUNDLE_IDENTIFIER = dev.fummicc1.GeoHashDebugView;
				PRODUCT_NAME = "$(TARGET_NAME)";
				SDKROOT = auto;
				SUPPORTED_PLATFORMS = "iphoneos iphonesimulator macosx xros xrsimulator";
				SWIFT_EMIT_LOC_STRINGS = YES;
				SWIFT_VERSION = 5.0;
				TARGETED_DEVICE_FAMILY = "1,2,7";
				XROS_DEPLOYMENT_TARGET = 2.1;
			};
			name = Debug;
		};
		D3F921702CE8D84D00ED6B98 /* Release */ = {
			isa = XCBuildConfiguration;
			buildSettings = {
				ASSETCATALOG_COMPILER_APPICON_NAME = AppIcon;
				ASSETCATALOG_COMPILER_GLOBAL_ACCENT_COLOR_NAME = AccentColor;
				CODE_SIGN_ENTITLEMENTS = GeoHashDebugView/GeoHashDebugView.entitlements;
				CODE_SIGN_STYLE = Automatic;
				CURRENT_PROJECT_VERSION = 1;
				DEVELOPMENT_ASSET_PATHS = "\"GeoHashDebugView/Preview Content\"";
				DEVELOPMENT_TEAM = S8WBNKMKYU;
				ENABLE_HARDENED_RUNTIME = YES;
				ENABLE_PREVIEWS = YES;
				GENERATE_INFOPLIST_FILE = YES;
				"INFOPLIST_KEY_UIApplicationSceneManifest_Generation[sdk=iphoneos*]" = YES;
				"INFOPLIST_KEY_UIApplicationSceneManifest_Generation[sdk=iphonesimulator*]" = YES;
				"INFOPLIST_KEY_UIApplicationSupportsIndirectInputEvents[sdk=iphoneos*]" = YES;
				"INFOPLIST_KEY_UIApplicationSupportsIndirectInputEvents[sdk=iphonesimulator*]" = YES;
				"INFOPLIST_KEY_UILaunchScreen_Generation[sdk=iphoneos*]" = YES;
				"INFOPLIST_KEY_UILaunchScreen_Generation[sdk=iphonesimulator*]" = YES;
				"INFOPLIST_KEY_UIStatusBarStyle[sdk=iphoneos*]" = UIStatusBarStyleDefault;
				"INFOPLIST_KEY_UIStatusBarStyle[sdk=iphonesimulator*]" = UIStatusBarStyleDefault;
				INFOPLIST_KEY_UISupportedInterfaceOrientations_iPad = "UIInterfaceOrientationPortrait UIInterfaceOrientationPortraitUpsideDown UIInterfaceOrientationLandscapeLeft UIInterfaceOrientationLandscapeRight";
				INFOPLIST_KEY_UISupportedInterfaceOrientations_iPhone = "UIInterfaceOrientationPortrait UIInterfaceOrientationLandscapeLeft UIInterfaceOrientationLandscapeRight";
				IPHONEOS_DEPLOYMENT_TARGET = 18.1;
				LD_RUNPATH_SEARCH_PATHS = "@executable_path/Frameworks";
				"LD_RUNPATH_SEARCH_PATHS[sdk=macosx*]" = "@executable_path/../Frameworks";
				MACOSX_DEPLOYMENT_TARGET = 15.0;
				MARKETING_VERSION = 1.0;
				PRODUCT_BUNDLE_IDENTIFIER = dev.fummicc1.GeoHashDebugView;
				PRODUCT_NAME = "$(TARGET_NAME)";
				SDKROOT = auto;
				SUPPORTED_PLATFORMS = "iphoneos iphonesimulator macosx xros xrsimulator";
				SWIFT_EMIT_LOC_STRINGS = YES;
				SWIFT_VERSION = 5.0;
				TARGETED_DEVICE_FAMILY = "1,2,7";
				XROS_DEPLOYMENT_TARGET = 2.1;
			};
			name = Release;
		};
		D3F921722CE8D84D00ED6B98 /* Debug */ = {
			isa = XCBuildConfiguration;
			buildSettings = {
				BUNDLE_LOADER = "$(TEST_HOST)";
				CODE_SIGN_STYLE = Automatic;
				CURRENT_PROJECT_VERSION = 1;
				DEVELOPMENT_TEAM = S8WBNKMKYU;
				GENERATE_INFOPLIST_FILE = YES;
				IPHONEOS_DEPLOYMENT_TARGET = 18.1;
				MACOSX_DEPLOYMENT_TARGET = 15.0;
				MARKETING_VERSION = 1.0;
				PRODUCT_BUNDLE_IDENTIFIER = dev.fummicc1.GeoHashDebugViewTests;
				PRODUCT_NAME = "$(TARGET_NAME)";
				SDKROOT = auto;
				SUPPORTED_PLATFORMS = "iphoneos iphonesimulator macosx xros xrsimulator";
				SWIFT_EMIT_LOC_STRINGS = NO;
				SWIFT_VERSION = 5.0;
				TARGETED_DEVICE_FAMILY = "1,2,7";
				TEST_HOST = "$(BUILT_PRODUCTS_DIR)/GeoHashDebugView.app/$(BUNDLE_EXECUTABLE_FOLDER_PATH)/GeoHashDebugView";
				XROS_DEPLOYMENT_TARGET = 2.1;
			};
			name = Debug;
		};
		D3F921732CE8D84D00ED6B98 /* Release */ = {
			isa = XCBuildConfiguration;
			buildSettings = {
				BUNDLE_LOADER = "$(TEST_HOST)";
				CODE_SIGN_STYLE = Automatic;
				CURRENT_PROJECT_VERSION = 1;
				DEVELOPMENT_TEAM = S8WBNKMKYU;
				GENERATE_INFOPLIST_FILE = YES;
				IPHONEOS_DEPLOYMENT_TARGET = 18.1;
				MACOSX_DEPLOYMENT_TARGET = 15.0;
				MARKETING_VERSION = 1.0;
				PRODUCT_BUNDLE_IDENTIFIER = dev.fummicc1.GeoHashDebugViewTests;
				PRODUCT_NAME = "$(TARGET_NAME)";
				SDKROOT = auto;
				SUPPORTED_PLATFORMS = "iphoneos iphonesimulator macosx xros xrsimulator";
				SWIFT_EMIT_LOC_STRINGS = NO;
				SWIFT_VERSION = 5.0;
				TARGETED_DEVICE_FAMILY = "1,2,7";
				TEST_HOST = "$(BUILT_PRODUCTS_DIR)/GeoHashDebugView.app/$(BUNDLE_EXECUTABLE_FOLDER_PATH)/GeoHashDebugView";
				XROS_DEPLOYMENT_TARGET = 2.1;
			};
			name = Release;
		};
		D3F921752CE8D84D00ED6B98 /* Debug */ = {
			isa = XCBuildConfiguration;
			buildSettings = {
				CODE_SIGN_STYLE = Automatic;
				CURRENT_PROJECT_VERSION = 1;
				DEVELOPMENT_TEAM = S8WBNKMKYU;
				GENERATE_INFOPLIST_FILE = YES;
				IPHONEOS_DEPLOYMENT_TARGET = 18.1;
				MACOSX_DEPLOYMENT_TARGET = 15.0;
				MARKETING_VERSION = 1.0;
				PRODUCT_BUNDLE_IDENTIFIER = dev.fummicc1.GeoHashDebugViewUITests;
				PRODUCT_NAME = "$(TARGET_NAME)";
				SDKROOT = auto;
				SUPPORTED_PLATFORMS = "iphoneos iphonesimulator macosx xros xrsimulator";
				SWIFT_EMIT_LOC_STRINGS = NO;
				SWIFT_VERSION = 5.0;
				TARGETED_DEVICE_FAMILY = "1,2,7";
				TEST_TARGET_NAME = GeoHashDebugView;
				XROS_DEPLOYMENT_TARGET = 2.1;
			};
			name = Debug;
		};
		D3F921762CE8D84D00ED6B98 /* Release */ = {
			isa = XCBuildConfiguration;
			buildSettings = {
				CODE_SIGN_STYLE = Automatic;
				CURRENT_PROJECT_VERSION = 1;
				DEVELOPMENT_TEAM = S8WBNKMKYU;
				GENERATE_INFOPLIST_FILE = YES;
				IPHONEOS_DEPLOYMENT_TARGET = 18.1;
				MACOSX_DEPLOYMENT_TARGET = 15.0;
				MARKETING_VERSION = 1.0;
				PRODUCT_BUNDLE_IDENTIFIER = dev.fummicc1.GeoHashDebugViewUITests;
				PRODUCT_NAME = "$(TARGET_NAME)";
				SDKROOT = auto;
				SUPPORTED_PLATFORMS = "iphoneos iphonesimulator macosx xros xrsimulator";
				SWIFT_EMIT_LOC_STRINGS = NO;
				SWIFT_VERSION = 5.0;
				TARGETED_DEVICE_FAMILY = "1,2,7";
				TEST_TARGET_NAME = GeoHashDebugView;
				XROS_DEPLOYMENT_TARGET = 2.1;
			};
			name = Release;
		};
/* End XCBuildConfiguration section */

/* Begin XCConfigurationList section */
		D3F921442CE8D84B00ED6B98 /* Build configuration list for PBXProject "GeoHashDebugView" */ = {
			isa = XCConfigurationList;
			buildConfigurations = (
				D3F9216C2CE8D84D00ED6B98 /* Debug */,
				D3F9216D2CE8D84D00ED6B98 /* Release */,
			);
			defaultConfigurationIsVisible = 0;
			defaultConfigurationName = Release;
		};
		D3F9216E2CE8D84D00ED6B98 /* Build configuration list for PBXNativeTarget "GeoHashDebugView" */ = {
			isa = XCConfigurationList;
			buildConfigurations = (
				D3F9216F2CE8D84D00ED6B98 /* Debug */,
				D3F921702CE8D84D00ED6B98 /* Release */,
			);
			defaultConfigurationIsVisible = 0;
			defaultConfigurationName = Release;
		};
		D3F921712CE8D84D00ED6B98 /* Build configuration list for PBXNativeTarget "GeoHashDebugViewTests" */ = {
			isa = XCConfigurationList;
			buildConfigurations = (
				D3F921722CE8D84D00ED6B98 /* Debug */,
				D3F921732CE8D84D00ED6B98 /* Release */,
			);
			defaultConfigurationIsVisible = 0;
			defaultConfigurationName = Release;
		};
		D3F921742CE8D84D00ED6B98 /* Build configuration list for PBXNativeTarget "GeoHashDebugViewUITests" */ = {
			isa = XCConfigurationList;
			buildConfigurations = (
				D3F921752CE8D84D00ED6B98 /* Debug */,
				D3F921762CE8D84D00ED6B98 /* Release */,
			);
			defaultConfigurationIsVisible = 0;
			defaultConfigurationName = Release;
		};
/* End XCConfigurationList section */
	};
	rootObject = D3F921412CE8D84B00ED6B98 /* Project object */;
}
