{
  "originHash" : "240343e6a7819228749a3659ccf8c8bf82f4258e50baa45e6880d92b038e773d",
  "pins" : [
    {
      "identity" : "geohashswift",
      "kind" : "remoteSourceControl",
      "location" : "https://github.com/fummicc1/GeoHashSwift",
      "state" : {
        "revision" : "382682bb7b74a2988a3c6b10c04539ccc86a2110",
        "version" : "0.0.3"
      }
    },
    {
      "identity" : "swift-argument-parser",
      "kind" : "remoteSourceControl",
      "location" : "https://github.com/apple/swift-argument-parser",
      "state" : {
        "revision" : "41982a3656a71c768319979febd796c6fd111d5c",
        "version" : "1.5.0"
      }
    }
  ],
  "version" : 3
}
