{
  "originHash" : "240343e6a7819228749a3659ccf8c8bf82f4258e50baa45e6880d92b038e773d",
  "pins" : [
    {
      "identity" : "geohashswift",
      "kind" : "remoteSourceControl",
      "location" : "https://github.com/fummicc1/GeoHashSwift",
      "state" : {
        "branch" : "main",
        "revision" : "b95d735062ff75462bb4d267867ca84feae302a1"
      }
    }
  ],
  "version" : 3
}
